
Microsoft Visual Studio Solution File, Format Version 12.00
# Visual Studio 15
VisualStudioVersion = 15.0.27703.2026
MinimumVisualStudioVersion = 10.0.40219.1
Project("{FAE04EC0-301F-11D3-BF4B-00C04F79EFBC}") = "MyControlsLibrary", "MyControlsLibrary\MyControlsLibrary.csproj", "{8E4EF7B2-56CE-411D-AE6E-DF3EC0E1B710}"
EndProject
Project("{FAE04EC0-301F-11D3-BF4B-00C04F79EFBC}") = "TitleBarDebugApp", "TitleBarDebugApp\TitleBarDebugApp.csproj", "{44F76599-EDBE-4B24-A3A7-FBFF609383E0}"
EndProject
Project("{FAE04EC0-301F-11D3-BF4B-00C04F79EFBC}") = "LoadingDebugApp", "LoadingDebugApp\LoadingDebugApp.csproj", "{552C5A7A-0EFA-4563-BB96-FB2A7B6AB748}"
EndProject
Project("{FAE04EC0-301F-11D3-BF4B-00C04F79EFBC}") = "MiscFunctionsLibrary", "MiscFunctionsLibrary\MiscFunctionsLibrary.csproj", "{0C219ED9-862F-4FD3-8889-A02314FB2DA5}"
EndProject
Project("{FAE04EC0-301F-11D3-BF4B-00C04F79EFBC}") = "XMLHandlerDebugApp", "XMLHandlerDebugApp\XMLHandlerDebugApp.csproj", "{8F177472-1902-4304-8E7A-EFF1689C4702}"
EndProject
Global
	GlobalSection(SolutionConfigurationPlatforms) = preSolution
		Debug|Any CPU = Debug|Any CPU
		Release|Any CPU = Release|Any CPU
	EndGlobalSection
	GlobalSection(ProjectConfigurationPlatforms) = postSolution
		{8E4EF7B2-56CE-411D-AE6E-DF3EC0E1B710}.Debug|Any CPU.ActiveCfg = Debug|Any CPU
		{8E4EF7B2-56CE-411D-AE6E-DF3EC0E1B710}.Debug|Any CPU.Build.0 = Debug|Any CPU
		{8E4EF7B2-56CE-411D-AE6E-DF3EC0E1B710}.Release|Any CPU.ActiveCfg = Release|Any CPU
		{8E4EF7B2-56CE-411D-AE6E-DF3EC0E1B710}.Release|Any CPU.Build.0 = Release|Any CPU
		{44F76599-EDBE-4B24-A3A7-FBFF609383E0}.Debug|Any CPU.ActiveCfg = Debug|Any CPU
		{44F76599-EDBE-4B24-A3A7-FBFF609383E0}.Debug|Any CPU.Build.0 = Debug|Any CPU
		{44F76599-EDBE-4B24-A3A7-FBFF609383E0}.Release|Any CPU.ActiveCfg = Release|Any CPU
		{44F76599-EDBE-4B24-A3A7-FBFF609383E0}.Release|Any CPU.Build.0 = Release|Any CPU
		{552C5A7A-0EFA-4563-BB96-FB2A7B6AB748}.Debug|Any CPU.ActiveCfg = Debug|Any CPU
		{552C5A7A-0EFA-4563-BB96-FB2A7B6AB748}.Debug|Any CPU.Build.0 = Debug|Any CPU
		{552C5A7A-0EFA-4563-BB96-FB2A7B6AB748}.Release|Any CPU.ActiveCfg = Release|Any CPU
		{552C5A7A-0EFA-4563-BB96-FB2A7B6AB748}.Release|Any CPU.Build.0 = Release|Any CPU
		{0C219ED9-862F-4FD3-8889-A02314FB2DA5}.Debug|Any CPU.ActiveCfg = Debug|Any CPU
		{0C219ED9-862F-4FD3-8889-A02314FB2DA5}.Debug|Any CPU.Build.0 = Debug|Any CPU
		{0C219ED9-862F-4FD3-8889-A02314FB2DA5}.Release|Any CPU.ActiveCfg = Release|Any CPU
		{0C219ED9-862F-4FD3-8889-A02314FB2DA5}.Release|Any CPU.Build.0 = Release|Any CPU
		{8F177472-1902-4304-8E7A-EFF1689C4702}.Debug|Any CPU.ActiveCfg = Debug|Any CPU
		{8F177472-1902-4304-8E7A-EFF1689C4702}.Debug|Any CPU.Build.0 = Debug|Any CPU
		{8F177472-1902-4304-8E7A-EFF1689C4702}.Release|Any CPU.ActiveCfg = Release|Any CPU
		{8F177472-1902-4304-8E7A-EFF1689C4702}.Release|Any CPU.Build.0 = Release|Any CPU
	EndGlobalSection
	GlobalSection(SolutionProperties) = preSolution
		HideSolutionNode = FALSE
	EndGlobalSection
	GlobalSection(ExtensibilityGlobals) = postSolution
		SolutionGuid = {10C2F0D8-06AF-4236-A921-51A4430F5500}
	EndGlobalSection
EndGlobal
